
Microsoft Visual Studio Solution File, Format Version 12.00
Project("{2150E333-8FDC-42A3-9474-1A3956D46DE8}") = "Src", "Src", "{ADAC1127-CD83-48CD-BBEF-AEB0166A9A73}"
EndProject
Project("{FAE04EC0-301F-11D3-BF4B-00C04F79EFBC}") = "NetClaw.Api", "Src\NetClaw.Api\NetClaw.Api.csproj", "{3D7F3027-E956-4309-8053-8CFCC9F35A23}"
EndProject
Project("{2150E333-8FDC-42A3-9474-1A3956D46DE8}") = "Core", "Core", "{D117D740-0F8F-42AB-BD71-C1D8EF4471C9}"
EndProject
Project("{FAE04EC0-301F-11D3-BF4B-00C04F79EFBC}") = "NetClaw.EfCore.Extensions", "Core\NetClaw.EfCore.Extensions\NetClaw.EfCore.Extensions.csproj", "{73FE03A1-B900-4F8A-9E33-6F4F461762CC}"
EndProject
Project("{FAE04EC0-301F-11D3-BF4B-00C04F79EFBC}") = "NetClaw.Domains", "Src\NetClaw.Domains\NetClaw.Domains.csproj", "{89A013E8-3682-432E-9C36-309E01F80582}"
EndProject
Project("{FAE04EC0-301F-11D3-BF4B-00C04F79EFBC}") = "NetClaw.Application", "Src\NetClaw.Application\NetClaw.Application.csproj", "{C59625DD-CC14-439A-AD8E-C20328C6B587}"
EndProject
Project("{FAE04EC0-301F-11D3-BF4B-00C04F79EFBC}") = "NetClaw.Infra", "Src\NetClaw.Infra\NetClaw.Infra.csproj", "{91D15531-3A37-44D8-B3DC-151959C9068B}"
EndProject
Project("{FAE04EC0-301F-11D3-BF4B-00C04F79EFBC}") = "NetClaw.Contracts", "Src\NetClaw.Contracts\NetClaw.Contracts.csproj", "{01C86DAF-C310-4595-8F71-A76BEEC0814F}"
EndProject
Project("{2150E333-8FDC-42A3-9474-1A3956D46DE8}") = "Tests", "Tests", "{2A26327B-61B1-4273-9F09-33F881AD4E64}"
EndProject
Project("{FAE04EC0-301F-11D3-BF4B-00C04F79EFBC}") = "NetClaw.IntegrationTests", "Tests\NetClaw.IntegrationTests\NetClaw.IntegrationTests.csproj", "{B9D8F6CF-0090-4329-9663-A6655FAC8DD2}"
EndProject
Project("{FAE04EC0-301F-11D3-BF4B-00C04F79EFBC}") = "NetClaw.Web.Extensions", "Core\NetClaw.Web.Extensions\NetClaw.Web.Extensions.csproj", "{01CA33E5-3D2E-4930-A0A9-20BC56D82DBE}"
EndProject
Project("{FAE04EC0-301F-11D3-BF4B-00C04F79EFBC}") = "NetClaw.Docker.Extensions", "Core\NetClaw.Docker.Extensions\NetClaw.Docker.Extensions.csproj", "{E3EA768F-069D-45CE-AF72-CFBE6971C9ED}"
EndProject
Project("{2150E333-8FDC-42A3-9474-1A3956D46DE8}") = "Plugins", "Plugins", "{7FBD2CBF-1114-4AC3-98DF-AEA7BF703FA9}"
EndProject
Project("{FAE04EC0-301F-11D3-BF4B-00C04F79EFBC}") = "NetClaw.Plugin.Abstractions", "Plugins\NetClaw.Plugin.Abstractions\NetClaw.Plugin.Abstractions.csproj", "{22BA4473-2507-4B47-95D5-2A52FB34049F}"
EndProject
Project("{FAE04EC0-301F-11D3-BF4B-00C04F79EFBC}") = "NetClaw.Plugin.Telegram", "Plugins\NetClaw.Plugin.Telegram\NetClaw.Plugin.Telegram.csproj", "{99FD3B33-F374-4D67-A6F5-FAC54DCB8741}"
EndProject
Project("{FAE04EC0-301F-11D3-BF4B-00C04F79EFBC}") = "NetClaw.Plugin.Sample", "Plugins\NetClaw.Plugin.Sample\NetClaw.Plugin.Sample.csproj", "{B52B3C6D-97C6-48B3-9C5C-8760A852B226}"
EndProject
Project("{FAE04EC0-301F-11D3-BF4B-00C04F79EFBC}") = "NetClaw.AcceptanceTests", "Tests\NetClaw.AcceptanceTests\NetClaw.AcceptanceTests.csproj", "{4C5CC37B-710D-4FF3-9F76-923B819AEF61}"
EndProject
Project("{FAE04EC0-301F-11D3-BF4B-00C04F79EFBC}") = "NetClaw.Plugin.Discord", "Plugins\NetClaw.Plugin.Discord\NetClaw.Plugin.Discord.csproj", "{1B4CAF06-D558-4080-A805-15BC895A4C05}"
EndProject
Project("{FAE04EC0-301F-11D3-BF4B-00C04F79EFBC}") = "NetClaw.Plugin.Slack", "Plugins\NetClaw.Plugin.Slack\NetClaw.Plugin.Slack.csproj", "{5E87C441-84F3-4331-8071-FA7220C13223}"
EndProject
Project("{FAE04EC0-301F-11D3-BF4B-00C04F79EFBC}") = "NetClaw.Cli", "Src\NetClaw.Cli\NetClaw.Cli.csproj", "{5443A63B-8B39-49F8-987A-0E1C14774947}"
EndProject
Global
	GlobalSection(SolutionConfigurationPlatforms) = preSolution
		Debug|Any CPU = Debug|Any CPU
		Debug|x64 = Debug|x64
		Debug|x86 = Debug|x86
		Release|Any CPU = Release|Any CPU
		Release|x64 = Release|x64
		Release|x86 = Release|x86
	EndGlobalSection
	GlobalSection(ProjectConfigurationPlatforms) = postSolution
		{3D7F3027-E956-4309-8053-8CFCC9F35A23}.Debug|Any CPU.ActiveCfg = Debug|Any CPU
		{3D7F3027-E956-4309-8053-8CFCC9F35A23}.Debug|Any CPU.Build.0 = Debug|Any CPU
		{3D7F3027-E956-4309-8053-8CFCC9F35A23}.Debug|x64.ActiveCfg = Debug|Any CPU
		{3D7F3027-E956-4309-8053-8CFCC9F35A23}.Debug|x64.Build.0 = Debug|Any CPU
		{3D7F3027-E956-4309-8053-8CFCC9F35A23}.Debug|x86.ActiveCfg = Debug|Any CPU
		{3D7F3027-E956-4309-8053-8CFCC9F35A23}.Debug|x86.Build.0 = Debug|Any CPU
		{3D7F3027-E956-4309-8053-8CFCC9F35A23}.Release|Any CPU.ActiveCfg = Release|Any CPU
		{3D7F3027-E956-4309-8053-8CFCC9F35A23}.Release|Any CPU.Build.0 = Release|Any CPU
		{3D7F3027-E956-4309-8053-8CFCC9F35A23}.Release|x64.ActiveCfg = Release|Any CPU
		{3D7F3027-E956-4309-8053-8CFCC9F35A23}.Release|x64.Build.0 = Release|Any CPU
		{3D7F3027-E956-4309-8053-8CFCC9F35A23}.Release|x86.ActiveCfg = Release|Any CPU
		{3D7F3027-E956-4309-8053-8CFCC9F35A23}.Release|x86.Build.0 = Release|Any CPU
		{73FE03A1-B900-4F8A-9E33-6F4F461762CC}.Debug|Any CPU.ActiveCfg = Debug|Any CPU
		{73FE03A1-B900-4F8A-9E33-6F4F461762CC}.Debug|Any CPU.Build.0 = Debug|Any CPU
		{73FE03A1-B900-4F8A-9E33-6F4F461762CC}.Debug|x64.ActiveCfg = Debug|Any CPU
		{73FE03A1-B900-4F8A-9E33-6F4F461762CC}.Debug|x64.Build.0 = Debug|Any CPU
		{73FE03A1-B900-4F8A-9E33-6F4F461762CC}.Debug|x86.ActiveCfg = Debug|Any CPU
		{73FE03A1-B900-4F8A-9E33-6F4F461762CC}.Debug|x86.Build.0 = Debug|Any CPU
		{73FE03A1-B900-4F8A-9E33-6F4F461762CC}.Release|Any CPU.ActiveCfg = Release|Any CPU
		{73FE03A1-B900-4F8A-9E33-6F4F461762CC}.Release|Any CPU.Build.0 = Release|Any CPU
		{73FE03A1-B900-4F8A-9E33-6F4F461762CC}.Release|x64.ActiveCfg = Release|Any CPU
		{73FE03A1-B900-4F8A-9E33-6F4F461762CC}.Release|x64.Build.0 = Release|Any CPU
		{73FE03A1-B900-4F8A-9E33-6F4F461762CC}.Release|x86.ActiveCfg = Release|Any CPU
		{73FE03A1-B900-4F8A-9E33-6F4F461762CC}.Release|x86.Build.0 = Release|Any CPU
		{89A013E8-3682-432E-9C36-309E01F80582}.Debug|Any CPU.ActiveCfg = Debug|Any CPU
		{89A013E8-3682-432E-9C36-309E01F80582}.Debug|Any CPU.Build.0 = Debug|Any CPU
		{89A013E8-3682-432E-9C36-309E01F80582}.Debug|x64.ActiveCfg = Debug|Any CPU
		{89A013E8-3682-432E-9C36-309E01F80582}.Debug|x64.Build.0 = Debug|Any CPU
		{89A013E8-3682-432E-9C36-309E01F80582}.Debug|x86.ActiveCfg = Debug|Any CPU
		{89A013E8-3682-432E-9C36-309E01F80582}.Debug|x86.Build.0 = Debug|Any CPU
		{89A013E8-3682-432E-9C36-309E01F80582}.Release|Any CPU.ActiveCfg = Release|Any CPU
		{89A013E8-3682-432E-9C36-309E01F80582}.Release|Any CPU.Build.0 = Release|Any CPU
		{89A013E8-3682-432E-9C36-309E01F80582}.Release|x64.ActiveCfg = Release|Any CPU
		{89A013E8-3682-432E-9C36-309E01F80582}.Release|x64.Build.0 = Release|Any CPU
		{89A013E8-3682-432E-9C36-309E01F80582}.Release|x86.ActiveCfg = Release|Any CPU
		{89A013E8-3682-432E-9C36-309E01F80582}.Release|x86.Build.0 = Release|Any CPU
		{C59625DD-CC14-439A-AD8E-C20328C6B587}.Debug|Any CPU.ActiveCfg = Debug|Any CPU
		{C59625DD-CC14-439A-AD8E-C20328C6B587}.Debug|Any CPU.Build.0 = Debug|Any CPU
		{C59625DD-CC14-439A-AD8E-C20328C6B587}.Debug|x64.ActiveCfg = Debug|Any CPU
		{C59625DD-CC14-439A-AD8E-C20328C6B587}.Debug|x64.Build.0 = Debug|Any CPU
		{C59625DD-CC14-439A-AD8E-C20328C6B587}.Debug|x86.ActiveCfg = Debug|Any CPU
		{C59625DD-CC14-439A-AD8E-C20328C6B587}.Debug|x86.Build.0 = Debug|Any CPU
		{C59625DD-CC14-439A-AD8E-C20328C6B587}.Release|Any CPU.ActiveCfg = Release|Any CPU
		{C59625DD-CC14-439A-AD8E-C20328C6B587}.Release|Any CPU.Build.0 = Release|Any CPU
		{C59625DD-CC14-439A-AD8E-C20328C6B587}.Release|x64.ActiveCfg = Release|Any CPU
		{C59625DD-CC14-439A-AD8E-C20328C6B587}.Release|x64.Build.0 = Release|Any CPU
		{C59625DD-CC14-439A-AD8E-C20328C6B587}.Release|x86.ActiveCfg = Release|Any CPU
		{C59625DD-CC14-439A-AD8E-C20328C6B587}.Release|x86.Build.0 = Release|Any CPU
		{91D15531-3A37-44D8-B3DC-151959C9068B}.Debug|Any CPU.ActiveCfg = Debug|Any CPU
		{91D15531-3A37-44D8-B3DC-151959C9068B}.Debug|Any CPU.Build.0 = Debug|Any CPU
		{91D15531-3A37-44D8-B3DC-151959C9068B}.Debug|x64.ActiveCfg = Debug|Any CPU
		{91D15531-3A37-44D8-B3DC-151959C9068B}.Debug|x64.Build.0 = Debug|Any CPU
		{91D15531-3A37-44D8-B3DC-151959C9068B}.Debug|x86.ActiveCfg = Debug|Any CPU
		{91D15531-3A37-44D8-B3DC-151959C9068B}.Debug|x86.Build.0 = Debug|Any CPU
		{91D15531-3A37-44D8-B3DC-151959C9068B}.Release|Any CPU.ActiveCfg = Release|Any CPU
		{91D15531-3A37-44D8-B3DC-151959C9068B}.Release|Any CPU.Build.0 = Release|Any CPU
		{91D15531-3A37-44D8-B3DC-151959C9068B}.Release|x64.ActiveCfg = Release|Any CPU
		{91D15531-3A37-44D8-B3DC-151959C9068B}.Release|x64.Build.0 = Release|Any CPU
		{91D15531-3A37-44D8-B3DC-151959C9068B}.Release|x86.ActiveCfg = Release|Any CPU
		{91D15531-3A37-44D8-B3DC-151959C9068B}.Release|x86.Build.0 = Release|Any CPU
		{01C86DAF-C310-4595-8F71-A76BEEC0814F}.Debug|Any CPU.ActiveCfg = Debug|Any CPU
		{01C86DAF-C310-4595-8F71-A76BEEC0814F}.Debug|Any CPU.Build.0 = Debug|Any CPU
		{01C86DAF-C310-4595-8F71-A76BEEC0814F}.Debug|x64.ActiveCfg = Debug|Any CPU
		{01C86DAF-C310-4595-8F71-A76BEEC0814F}.Debug|x64.Build.0 = Debug|Any CPU
		{01C86DAF-C310-4595-8F71-A76BEEC0814F}.Debug|x86.ActiveCfg = Debug|Any CPU
		{01C86DAF-C310-4595-8F71-A76BEEC0814F}.Debug|x86.Build.0 = Debug|Any CPU
		{01C86DAF-C310-4595-8F71-A76BEEC0814F}.Release|Any CPU.ActiveCfg = Release|Any CPU
		{01C86DAF-C310-4595-8F71-A76BEEC0814F}.Release|Any CPU.Build.0 = Release|Any CPU
		{01C86DAF-C310-4595-8F71-A76BEEC0814F}.Release|x64.ActiveCfg = Release|Any CPU
		{01C86DAF-C310-4595-8F71-A76BEEC0814F}.Release|x64.Build.0 = Release|Any CPU
		{01C86DAF-C310-4595-8F71-A76BEEC0814F}.Release|x86.ActiveCfg = Release|Any CPU
		{01C86DAF-C310-4595-8F71-A76BEEC0814F}.Release|x86.Build.0 = Release|Any CPU
		{B9D8F6CF-0090-4329-9663-A6655FAC8DD2}.Debug|Any CPU.ActiveCfg = Debug|Any CPU
		{B9D8F6CF-0090-4329-9663-A6655FAC8DD2}.Debug|Any CPU.Build.0 = Debug|Any CPU
		{B9D8F6CF-0090-4329-9663-A6655FAC8DD2}.Debug|x64.ActiveCfg = Debug|Any CPU
		{B9D8F6CF-0090-4329-9663-A6655FAC8DD2}.Debug|x64.Build.0 = Debug|Any CPU
		{B9D8F6CF-0090-4329-9663-A6655FAC8DD2}.Debug|x86.ActiveCfg = Debug|Any CPU
		{B9D8F6CF-0090-4329-9663-A6655FAC8DD2}.Debug|x86.Build.0 = Debug|Any CPU
		{B9D8F6CF-0090-4329-9663-A6655FAC8DD2}.Release|Any CPU.ActiveCfg = Release|Any CPU
		{B9D8F6CF-0090-4329-9663-A6655FAC8DD2}.Release|Any CPU.Build.0 = Release|Any CPU
		{B9D8F6CF-0090-4329-9663-A6655FAC8DD2}.Release|x64.ActiveCfg = Release|Any CPU
		{B9D8F6CF-0090-4329-9663-A6655FAC8DD2}.Release|x64.Build.0 = Release|Any CPU
		{B9D8F6CF-0090-4329-9663-A6655FAC8DD2}.Release|x86.ActiveCfg = Release|Any CPU
		{B9D8F6CF-0090-4329-9663-A6655FAC8DD2}.Release|x86.Build.0 = Release|Any CPU
		{01CA33E5-3D2E-4930-A0A9-20BC56D82DBE}.Debug|Any CPU.ActiveCfg = Debug|Any CPU
		{01CA33E5-3D2E-4930-A0A9-20BC56D82DBE}.Debug|Any CPU.Build.0 = Debug|Any CPU
		{01CA33E5-3D2E-4930-A0A9-20BC56D82DBE}.Debug|x64.ActiveCfg = Debug|Any CPU
		{01CA33E5-3D2E-4930-A0A9-20BC56D82DBE}.Debug|x64.Build.0 = Debug|Any CPU
		{01CA33E5-3D2E-4930-A0A9-20BC56D82DBE}.Debug|x86.ActiveCfg = Debug|Any CPU
		{01CA33E5-3D2E-4930-A0A9-20BC56D82DBE}.Debug|x86.Build.0 = Debug|Any CPU
		{01CA33E5-3D2E-4930-A0A9-20BC56D82DBE}.Release|Any CPU.ActiveCfg = Release|Any CPU
		{01CA33E5-3D2E-4930-A0A9-20BC56D82DBE}.Release|Any CPU.Build.0 = Release|Any CPU
		{01CA33E5-3D2E-4930-A0A9-20BC56D82DBE}.Release|x64.ActiveCfg = Release|Any CPU
		{01CA33E5-3D2E-4930-A0A9-20BC56D82DBE}.Release|x64.Build.0 = Release|Any CPU
		{01CA33E5-3D2E-4930-A0A9-20BC56D82DBE}.Release|x86.ActiveCfg = Release|Any CPU
		{01CA33E5-3D2E-4930-A0A9-20BC56D82DBE}.Release|x86.Build.0 = Release|Any CPU
		{E3EA768F-069D-45CE-AF72-CFBE6971C9ED}.Debug|Any CPU.ActiveCfg = Debug|Any CPU
		{E3EA768F-069D-45CE-AF72-CFBE6971C9ED}.Debug|Any CPU.Build.0 = Debug|Any CPU
		{E3EA768F-069D-45CE-AF72-CFBE6971C9ED}.Debug|x64.ActiveCfg = Debug|Any CPU
		{E3EA768F-069D-45CE-AF72-CFBE6971C9ED}.Debug|x64.Build.0 = Debug|Any CPU
		{E3EA768F-069D-45CE-AF72-CFBE6971C9ED}.Debug|x86.ActiveCfg = Debug|Any CPU
		{E3EA768F-069D-45CE-AF72-CFBE6971C9ED}.Debug|x86.Build.0 = Debug|Any CPU
		{E3EA768F-069D-45CE-AF72-CFBE6971C9ED}.Release|Any CPU.ActiveCfg = Release|Any CPU
		{E3EA768F-069D-45CE-AF72-CFBE6971C9ED}.Release|Any CPU.Build.0 = Release|Any CPU
		{E3EA768F-069D-45CE-AF72-CFBE6971C9ED}.Release|x64.ActiveCfg = Release|Any CPU
		{E3EA768F-069D-45CE-AF72-CFBE6971C9ED}.Release|x64.Build.0 = Release|Any CPU
		{E3EA768F-069D-45CE-AF72-CFBE6971C9ED}.Release|x86.ActiveCfg = Release|Any CPU
		{E3EA768F-069D-45CE-AF72-CFBE6971C9ED}.Release|x86.Build.0 = Release|Any CPU
		{22BA4473-2507-4B47-95D5-2A52FB34049F}.Debug|Any CPU.ActiveCfg = Debug|Any CPU
		{22BA4473-2507-4B47-95D5-2A52FB34049F}.Debug|Any CPU.Build.0 = Debug|Any CPU
		{22BA4473-2507-4B47-95D5-2A52FB34049F}.Debug|x64.ActiveCfg = Debug|Any CPU
		{22BA4473-2507-4B47-95D5-2A52FB34049F}.Debug|x64.Build.0 = Debug|Any CPU
		{22BA4473-2507-4B47-95D5-2A52FB34049F}.Debug|x86.ActiveCfg = Debug|Any CPU
		{22BA4473-2507-4B47-95D5-2A52FB34049F}.Debug|x86.Build.0 = Debug|Any CPU
		{22BA4473-2507-4B47-95D5-2A52FB34049F}.Release|Any CPU.ActiveCfg = Release|Any CPU
		{22BA4473-2507-4B47-95D5-2A52FB34049F}.Release|Any CPU.Build.0 = Release|Any CPU
		{22BA4473-2507-4B47-95D5-2A52FB34049F}.Release|x64.ActiveCfg = Release|Any CPU
		{22BA4473-2507-4B47-95D5-2A52FB34049F}.Release|x64.Build.0 = Release|Any CPU
		{22BA4473-2507-4B47-95D5-2A52FB34049F}.Release|x86.ActiveCfg = Release|Any CPU
		{22BA4473-2507-4B47-95D5-2A52FB34049F}.Release|x86.Build.0 = Release|Any CPU
		{99FD3B33-F374-4D67-A6F5-FAC54DCB8741}.Debug|Any CPU.ActiveCfg = Debug|Any CPU
		{99FD3B33-F374-4D67-A6F5-FAC54DCB8741}.Debug|Any CPU.Build.0 = Debug|Any CPU
		{99FD3B33-F374-4D67-A6F5-FAC54DCB8741}.Debug|x64.ActiveCfg = Debug|Any CPU
		{99FD3B33-F374-4D67-A6F5-FAC54DCB8741}.Debug|x64.Build.0 = Debug|Any CPU
		{99FD3B33-F374-4D67-A6F5-FAC54DCB8741}.Debug|x86.ActiveCfg = Debug|Any CPU
		{99FD3B33-F374-4D67-A6F5-FAC54DCB8741}.Debug|x86.Build.0 = Debug|Any CPU
		{99FD3B33-F374-4D67-A6F5-FAC54DCB8741}.Release|Any CPU.ActiveCfg = Release|Any CPU
		{99FD3B33-F374-4D67-A6F5-FAC54DCB8741}.Release|Any CPU.Build.0 = Release|Any CPU
		{99FD3B33-F374-4D67-A6F5-FAC54DCB8741}.Release|x64.ActiveCfg = Release|Any CPU
		{99FD3B33-F374-4D67-A6F5-FAC54DCB8741}.Release|x64.Build.0 = Release|Any CPU
		{99FD3B33-F374-4D67-A6F5-FAC54DCB8741}.Release|x86.ActiveCfg = Release|Any CPU
		{99FD3B33-F374-4D67-A6F5-FAC54DCB8741}.Release|x86.Build.0 = Release|Any CPU
		{B52B3C6D-97C6-48B3-9C5C-8760A852B226}.Debug|Any CPU.ActiveCfg = Debug|Any CPU
		{B52B3C6D-97C6-48B3-9C5C-8760A852B226}.Debug|Any CPU.Build.0 = Debug|Any CPU
		{B52B3C6D-97C6-48B3-9C5C-8760A852B226}.Debug|x64.ActiveCfg = Debug|Any CPU
		{B52B3C6D-97C6-48B3-9C5C-8760A852B226}.Debug|x64.Build.0 = Debug|Any CPU
		{B52B3C6D-97C6-48B3-9C5C-8760A852B226}.Debug|x86.ActiveCfg = Debug|Any CPU
		{B52B3C6D-97C6-48B3-9C5C-8760A852B226}.Debug|x86.Build.0 = Debug|Any CPU
		{B52B3C6D-97C6-48B3-9C5C-8760A852B226}.Release|Any CPU.ActiveCfg = Release|Any CPU
		{B52B3C6D-97C6-48B3-9C5C-8760A852B226}.Release|Any CPU.Build.0 = Release|Any CPU
		{B52B3C6D-97C6-48B3-9C5C-8760A852B226}.Release|x64.ActiveCfg = Release|Any CPU
		{B52B3C6D-97C6-48B3-9C5C-8760A852B226}.Release|x64.Build.0 = Release|Any CPU
		{B52B3C6D-97C6-48B3-9C5C-8760A852B226}.Release|x86.ActiveCfg = Release|Any CPU
		{B52B3C6D-97C6-48B3-9C5C-8760A852B226}.Release|x86.Build.0 = Release|Any CPU
		{4C5CC37B-710D-4FF3-9F76-923B819AEF61}.Debug|Any CPU.ActiveCfg = Debug|Any CPU
		{4C5CC37B-710D-4FF3-9F76-923B819AEF61}.Debug|Any CPU.Build.0 = Debug|Any CPU
		{4C5CC37B-710D-4FF3-9F76-923B819AEF61}.Debug|x64.ActiveCfg = Debug|Any CPU
		{4C5CC37B-710D-4FF3-9F76-923B819AEF61}.Debug|x64.Build.0 = Debug|Any CPU
		{4C5CC37B-710D-4FF3-9F76-923B819AEF61}.Debug|x86.ActiveCfg = Debug|Any CPU
		{4C5CC37B-710D-4FF3-9F76-923B819AEF61}.Debug|x86.Build.0 = Debug|Any CPU
		{4C5CC37B-710D-4FF3-9F76-923B819AEF61}.Release|Any CPU.ActiveCfg = Release|Any CPU
		{4C5CC37B-710D-4FF3-9F76-923B819AEF61}.Release|Any CPU.Build.0 = Release|Any CPU
		{4C5CC37B-710D-4FF3-9F76-923B819AEF61}.Release|x64.ActiveCfg = Release|Any CPU
		{4C5CC37B-710D-4FF3-9F76-923B819AEF61}.Release|x64.Build.0 = Release|Any CPU
		{4C5CC37B-710D-4FF3-9F76-923B819AEF61}.Release|x86.ActiveCfg = Release|Any CPU
		{4C5CC37B-710D-4FF3-9F76-923B819AEF61}.Release|x86.Build.0 = Release|Any CPU
		{1B4CAF06-D558-4080-A805-15BC895A4C05}.Debug|Any CPU.ActiveCfg = Debug|Any CPU
		{1B4CAF06-D558-4080-A805-15BC895A4C05}.Debug|Any CPU.Build.0 = Debug|Any CPU
		{1B4CAF06-D558-4080-A805-15BC895A4C05}.Debug|x64.ActiveCfg = Debug|Any CPU
		{1B4CAF06-D558-4080-A805-15BC895A4C05}.Debug|x64.Build.0 = Debug|Any CPU
		{1B4CAF06-D558-4080-A805-15BC895A4C05}.Debug|x86.ActiveCfg = Debug|Any CPU
		{1B4CAF06-D558-4080-A805-15BC895A4C05}.Debug|x86.Build.0 = Debug|Any CPU
		{1B4CAF06-D558-4080-A805-15BC895A4C05}.Release|Any CPU.ActiveCfg = Release|Any CPU
		{1B4CAF06-D558-4080-A805-15BC895A4C05}.Release|Any CPU.Build.0 = Release|Any CPU
		{1B4CAF06-D558-4080-A805-15BC895A4C05}.Release|x64.ActiveCfg = Release|Any CPU
		{1B4CAF06-D558-4080-A805-15BC895A4C05}.Release|x64.Build.0 = Release|Any CPU
		{1B4CAF06-D558-4080-A805-15BC895A4C05}.Release|x86.ActiveCfg = Release|Any CPU
		{1B4CAF06-D558-4080-A805-15BC895A4C05}.Release|x86.Build.0 = Release|Any CPU
		{5E87C441-84F3-4331-8071-FA7220C13223}.Debug|Any CPU.ActiveCfg = Debug|Any CPU
		{5E87C441-84F3-4331-8071-FA7220C13223}.Debug|Any CPU.Build.0 = Debug|Any CPU
		{5E87C441-84F3-4331-8071-FA7220C13223}.Debug|x64.ActiveCfg = Debug|Any CPU
		{5E87C441-84F3-4331-8071-FA7220C13223}.Debug|x64.Build.0 = Debug|Any CPU
		{5E87C441-84F3-4331-8071-FA7220C13223}.Debug|x86.ActiveCfg = Debug|Any CPU
		{5E87C441-84F3-4331-8071-FA7220C13223}.Debug|x86.Build.0 = Debug|Any CPU
		{5E87C441-84F3-4331-8071-FA7220C13223}.Release|Any CPU.ActiveCfg = Release|Any CPU
		{5E87C441-84F3-4331-8071-FA7220C13223}.Release|Any CPU.Build.0 = Release|Any CPU
		{5E87C441-84F3-4331-8071-FA7220C13223}.Release|x64.ActiveCfg = Release|Any CPU
		{5E87C441-84F3-4331-8071-FA7220C13223}.Release|x64.Build.0 = Release|Any CPU
		{5E87C441-84F3-4331-8071-FA7220C13223}.Release|x86.ActiveCfg = Release|Any CPU
		{5E87C441-84F3-4331-8071-FA7220C13223}.Release|x86.Build.0 = Release|Any CPU
		{5443A63B-8B39-49F8-987A-0E1C14774947}.Debug|Any CPU.ActiveCfg = Debug|Any CPU
		{5443A63B-8B39-49F8-987A-0E1C14774947}.Debug|Any CPU.Build.0 = Debug|Any CPU
		{5443A63B-8B39-49F8-987A-0E1C14774947}.Debug|x64.ActiveCfg = Debug|Any CPU
		{5443A63B-8B39-49F8-987A-0E1C14774947}.Debug|x64.Build.0 = Debug|Any CPU
		{5443A63B-8B39-49F8-987A-0E1C14774947}.Debug|x86.ActiveCfg = Debug|Any CPU
		{5443A63B-8B39-49F8-987A-0E1C14774947}.Debug|x86.Build.0 = Debug|Any CPU
		{5443A63B-8B39-49F8-987A-0E1C14774947}.Release|Any CPU.ActiveCfg = Release|Any CPU
		{5443A63B-8B39-49F8-987A-0E1C14774947}.Release|Any CPU.Build.0 = Release|Any CPU
		{5443A63B-8B39-49F8-987A-0E1C14774947}.Release|x64.ActiveCfg = Release|Any CPU
		{5443A63B-8B39-49F8-987A-0E1C14774947}.Release|x64.Build.0 = Release|Any CPU
		{5443A63B-8B39-49F8-987A-0E1C14774947}.Release|x86.ActiveCfg = Release|Any CPU
		{5443A63B-8B39-49F8-987A-0E1C14774947}.Release|x86.Build.0 = Release|Any CPU
	EndGlobalSection
	GlobalSection(SolutionProperties) = preSolution
		HideSolutionNode = FALSE
	EndGlobalSection
	GlobalSection(NestedProjects) = preSolution
		{3D7F3027-E956-4309-8053-8CFCC9F35A23} = {ADAC1127-CD83-48CD-BBEF-AEB0166A9A73}
		{73FE03A1-B900-4F8A-9E33-6F4F461762CC} = {D117D740-0F8F-42AB-BD71-C1D8EF4471C9}
		{89A013E8-3682-432E-9C36-309E01F80582} = {ADAC1127-CD83-48CD-BBEF-AEB0166A9A73}
		{C59625DD-CC14-439A-AD8E-C20328C6B587} = {ADAC1127-CD83-48CD-BBEF-AEB0166A9A73}
		{91D15531-3A37-44D8-B3DC-151959C9068B} = {ADAC1127-CD83-48CD-BBEF-AEB0166A9A73}
		{01C86DAF-C310-4595-8F71-A76BEEC0814F} = {ADAC1127-CD83-48CD-BBEF-AEB0166A9A73}
		{B9D8F6CF-0090-4329-9663-A6655FAC8DD2} = {2A26327B-61B1-4273-9F09-33F881AD4E64}
		{01CA33E5-3D2E-4930-A0A9-20BC56D82DBE} = {D117D740-0F8F-42AB-BD71-C1D8EF4471C9}
		{E3EA768F-069D-45CE-AF72-CFBE6971C9ED} = {D117D740-0F8F-42AB-BD71-C1D8EF4471C9}
		{22BA4473-2507-4B47-95D5-2A52FB34049F} = {7FBD2CBF-1114-4AC3-98DF-AEA7BF703FA9}
		{99FD3B33-F374-4D67-A6F5-FAC54DCB8741} = {7FBD2CBF-1114-4AC3-98DF-AEA7BF703FA9}
		{B52B3C6D-97C6-48B3-9C5C-8760A852B226} = {7FBD2CBF-1114-4AC3-98DF-AEA7BF703FA9}
		{4C5CC37B-710D-4FF3-9F76-923B819AEF61} = {2A26327B-61B1-4273-9F09-33F881AD4E64}
		{1B4CAF06-D558-4080-A805-15BC895A4C05} = {7FBD2CBF-1114-4AC3-98DF-AEA7BF703FA9}
		{5E87C441-84F3-4331-8071-FA7220C13223} = {7FBD2CBF-1114-4AC3-98DF-AEA7BF703FA9}
		{5443A63B-8B39-49F8-987A-0E1C14774947} = {ADAC1127-CD83-48CD-BBEF-AEB0166A9A73}
	EndGlobalSection
EndGlobal
